
Microsoft Visual Studio Solution File, Format Version 12.00
# Visual Studio Version 16
VisualStudioVersion = 16.0.32510.428
MinimumVisualStudioVersion = 10.0.40219.1
Project("{FAE04EC0-301F-11D3-BF4B-00C04F79EFBC}") = "eTickets2", "eTickets2\eTickets2.csproj", "{A431FC33-C801-496D-8D76-28889B38189D}"
EndProject
Global
	GlobalSection(SolutionConfigurationPlatforms) = preSolution
		Debug|Any CPU = Debug|Any CPU
		Release|Any CPU = Release|Any CPU
	EndGlobalSection
	GlobalSection(ProjectConfigurationPlatforms) = postSolution
		{A431FC33-C801-496D-8D76-28889B38189D}.Debug|Any CPU.ActiveCfg = Debug|Any CPU
		{A431FC33-C801-496D-8D76-28889B38189D}.Debug|Any CPU.Build.0 = Debug|Any CPU
		{A431FC33-C801-496D-8D76-28889B38189D}.Release|Any CPU.ActiveCfg = Release|Any CPU
		{A431FC33-C801-496D-8D76-28889B38189D}.Release|Any CPU.Build.0 = Release|Any CPU
	EndGlobalSection
	GlobalSection(SolutionProperties) = preSolution
		HideSolutionNode = FALSE
	EndGlobalSection
	GlobalSection(ExtensibilityGlobals) = postSolution
		SolutionGuid = {B9E5A821-8F4D-4025-909F-A67D34D8515C}
	EndGlobalSection
EndGlobal
